
Microsoft Visual Studio Solution File, Format Version 12.00
Project("{FAE04EC0-301F-11D3-BF4B-00C04F79EFBC}") = "TilTool.Cli", "Cli\TilTool.Cli.csproj", "{A00C7AAA-09D8-48C0-8717-D186D9BCA910}"
EndProject
Project("{2150E333-8FDC-42A3-9474-1A3956D46DE8}") = "_Solution Items", "_Solution Items", "{9D71D091-7B62-47C5-9D4E-E65A8C9F671D}"
	ProjectSection(SolutionItems) = preProject
		..\.editorconfig = ..\.editorconfig
		..\Directory.Build.props = ..\Directory.Build.props
		..\Directory.Packages.props = ..\Directory.Packages.props
		..\nuget.config = ..\nuget.config
	EndProjectSection
EndProject
Global
	GlobalSection(SolutionConfigurationPlatforms) = preSolution
		Debug|Any CPU = Debug|Any CPU
		Release|Any CPU = Release|Any CPU
	EndGlobalSection
	GlobalSection(ProjectConfigurationPlatforms) = postSolution
		{A00C7AAA-09D8-48C0-8717-D186D9BCA910}.Debug|Any CPU.ActiveCfg = Debug|Any CPU
		{A00C7AAA-09D8-48C0-8717-D186D9BCA910}.Debug|Any CPU.Build.0 = Debug|Any CPU
		{A00C7AAA-09D8-48C0-8717-D186D9BCA910}.Release|Any CPU.ActiveCfg = Release|Any CPU
		{A00C7AAA-09D8-48C0-8717-D186D9BCA910}.Release|Any CPU.Build.0 = Release|Any CPU
	EndGlobalSection
EndGlobal
